{
  "nodes": {
    "nixpkgs": {
      "locked": {
        "lastModified": 1651920562,
        "narHash": "sha256-8n7kcH5hWain/43/9BPOVdfirG+LYscYCoP1N81yMUQ=",
        "owner": "NixOS",
        "repo": "nixpkgs",
        "rev": "0e12570a927e5c6b47f4871998a5194c2d639e85",
        "type": "github"
      },
      "original": {
        "owner": "NixOS",
        "repo": "nixpkgs",
        "type": "github"
      }
    },
    "root": {
      "inputs": {
        "nixpkgs": "nixpkgs"
      }
    }
  },
  "root": "root",
  "version": 7
}
