{
  "nodes": {
    "nixpkgs": {
      "locked": {
        "lastModified": 1652101917,
        "narHash": "sha256-/fvilrPRq/ibBaCj1vGAWJ5LC9Ix/3SXZVk7zv1CsxM=",
        "owner": "NixOS",
        "repo": "nixpkgs",
        "rev": "d0b33047b6300ca71d9c9142680b3344451bdc07",
        "type": "github"
      },
      "original": {
        "owner": "NixOS",
        "repo": "nixpkgs",
        "type": "github"
      }
    },
    "root": {
      "inputs": {
        "nixpkgs": "nixpkgs"
      }
    }
  },
  "root": "root",
  "version": 7
}
